
Microsoft Visual Studio Solution File, Format Version 12.00
# Visual Studio Version 16
VisualStudioVersion = 16.0.31624.102
MinimumVisualStudioVersion = 10.0.40219.1
Project("{FAE04EC0-301F-11D3-BF4B-00C04F79EFBC}") = "ApiCatalogoJogos", "ApiCatalogoJogos\ApiCatalogoJogos.csproj", "{29FCAF6C-1533-4F91-B1F6-BF58B85CF73F}"
EndProject
Global
	GlobalSection(SolutionConfigurationPlatforms) = preSolution
		Debug|Any CPU = Debug|Any CPU
		Release|Any CPU = Release|Any CPU
	EndGlobalSection
	GlobalSection(ProjectConfigurationPlatforms) = postSolution
		{29FCAF6C-1533-4F91-B1F6-BF58B85CF73F}.Debug|Any CPU.ActiveCfg = Debug|Any CPU
		{29FCAF6C-1533-4F91-B1F6-BF58B85CF73F}.Debug|Any CPU.Build.0 = Debug|Any CPU
		{29FCAF6C-1533-4F91-B1F6-BF58B85CF73F}.Release|Any CPU.ActiveCfg = Release|Any CPU
		{29FCAF6C-1533-4F91-B1F6-BF58B85CF73F}.Release|Any CPU.Build.0 = Release|Any CPU
	EndGlobalSection
	GlobalSection(SolutionProperties) = preSolution
		HideSolutionNode = FALSE
	EndGlobalSection
	GlobalSection(ExtensibilityGlobals) = postSolution
		SolutionGuid = {5D42E00E-0395-4976-B468-5BB07D082200}
	EndGlobalSection
EndGlobal
